
Microsoft Visual Studio Solution File, Format Version 12.00
# Visual Studio 2012
Project("{FAE04EC0-301F-11D3-BF4B-00C04F79EFBC}") = "TestMongo", "TestMongo\TestMongo.csproj", "{CC8DC6A9-29C9-4CE5-B019-51896C341632}"
EndProject
Global
	GlobalSection(SolutionConfigurationPlatforms) = preSolution
		Debug|Any CPU = Debug|Any CPU
		Release|Any CPU = Release|Any CPU
	EndGlobalSection
	GlobalSection(ProjectConfigurationPlatforms) = postSolution
		{CC8DC6A9-29C9-4CE5-B019-51896C341632}.Debug|Any CPU.ActiveCfg = Debug|Any CPU
		{CC8DC6A9-29C9-4CE5-B019-51896C341632}.Debug|Any CPU.Build.0 = Debug|Any CPU
		{CC8DC6A9-29C9-4CE5-B019-51896C341632}.Release|Any CPU.ActiveCfg = Release|Any CPU
		{CC8DC6A9-29C9-4CE5-B019-51896C341632}.Release|Any CPU.Build.0 = Release|Any CPU
	EndGlobalSection
	GlobalSection(SolutionProperties) = preSolution
		HideSolutionNode = FALSE
	EndGlobalSection
EndGlobal
